
Microsoft Visual Studio Solution File, Format Version 12.00
# Visual Studio Version 17
VisualStudioVersion = 17.11.35312.102
MinimumVisualStudioVersion = 10.0.40219.1
Project("{FAE04EC0-301F-11D3-BF4B-00C04F79EFBC}") = "DatabasePopulator.Presentation", "DatabasePopulator.Presentation\DatabasePopulator.Presentation.csproj", "{59DA0205-B20D-4766-B7FF-A229CF959329}"
EndProject
Project("{FAE04EC0-301F-11D3-BF4B-00C04F79EFBC}") = "DatabasePopulator.Main", "DatabasePopulator.Persistence\DatabasePopulator.Main.csproj", "{286B51B6-3932-4510-8E19-9430568B7B20}"
EndProject
Global
	GlobalSection(SolutionConfigurationPlatforms) = preSolution
		Debug|Any CPU = Debug|Any CPU
		Release|Any CPU = Release|Any CPU
	EndGlobalSection
	GlobalSection(ProjectConfigurationPlatforms) = postSolution
		{59DA0205-B20D-4766-B7FF-A229CF959329}.Debug|Any CPU.ActiveCfg = Debug|Any CPU
		{59DA0205-B20D-4766-B7FF-A229CF959329}.Debug|Any CPU.Build.0 = Debug|Any CPU
		{59DA0205-B20D-4766-B7FF-A229CF959329}.Release|Any CPU.ActiveCfg = Release|Any CPU
		{59DA0205-B20D-4766-B7FF-A229CF959329}.Release|Any CPU.Build.0 = Release|Any CPU
		{286B51B6-3932-4510-8E19-9430568B7B20}.Debug|Any CPU.ActiveCfg = Debug|Any CPU
		{286B51B6-3932-4510-8E19-9430568B7B20}.Debug|Any CPU.Build.0 = Debug|Any CPU
		{286B51B6-3932-4510-8E19-9430568B7B20}.Release|Any CPU.ActiveCfg = Release|Any CPU
		{286B51B6-3932-4510-8E19-9430568B7B20}.Release|Any CPU.Build.0 = Release|Any CPU
	EndGlobalSection
	GlobalSection(SolutionProperties) = preSolution
		HideSolutionNode = FALSE
	EndGlobalSection
	GlobalSection(ExtensibilityGlobals) = postSolution
		SolutionGuid = {5A703CB0-3255-4837-8DA0-BA95C927CFAA}
	EndGlobalSection
EndGlobal
